
Microsoft Visual Studio Solution File, Format Version 12.00
# Visual Studio 15
VisualStudioVersion = 15.0.28307.852
MinimumVisualStudioVersion = 10.0.40219.1
Project("{9A19103F-16F7-4668-BE54-9A1E7A4F7556}") = "ShopBridge.Api", "ShopBridge.Api\ShopBridge.Api.csproj", "{76C19A97-2F8A-4E9A-BEA3-1E56D0074A09}"
EndProject
Project("{FAE04EC0-301F-11D3-BF4B-00C04F79EFBC}") = "ShopBridge.Tests", "ShopBridge.Tests\ShopBridge.Tests.csproj", "{8C8DE15D-7F0C-4739-BE33-3FE3EDA3D9CC}"
EndProject
Global
	GlobalSection(SolutionConfigurationPlatforms) = preSolution
		Debug|Any CPU = Debug|Any CPU
		Release|Any CPU = Release|Any CPU
	EndGlobalSection
	GlobalSection(ProjectConfigurationPlatforms) = postSolution
		{76C19A97-2F8A-4E9A-BEA3-1E56D0074A09}.Debug|Any CPU.ActiveCfg = Debug|Any CPU
		{76C19A97-2F8A-4E9A-BEA3-1E56D0074A09}.Debug|Any CPU.Build.0 = Debug|Any CPU
		{76C19A97-2F8A-4E9A-BEA3-1E56D0074A09}.Release|Any CPU.ActiveCfg = Release|Any CPU
		{76C19A97-2F8A-4E9A-BEA3-1E56D0074A09}.Release|Any CPU.Build.0 = Release|Any CPU
		{8C8DE15D-7F0C-4739-BE33-3FE3EDA3D9CC}.Debug|Any CPU.ActiveCfg = Debug|Any CPU
		{8C8DE15D-7F0C-4739-BE33-3FE3EDA3D9CC}.Debug|Any CPU.Build.0 = Debug|Any CPU
		{8C8DE15D-7F0C-4739-BE33-3FE3EDA3D9CC}.Release|Any CPU.ActiveCfg = Release|Any CPU
		{8C8DE15D-7F0C-4739-BE33-3FE3EDA3D9CC}.Release|Any CPU.Build.0 = Release|Any CPU
	EndGlobalSection
	GlobalSection(SolutionProperties) = preSolution
		HideSolutionNode = FALSE
	EndGlobalSection
	GlobalSection(ExtensibilityGlobals) = postSolution
		SolutionGuid = {ED08E66C-26D2-4C58-A60F-2BF92D4C8B7D}
	EndGlobalSection
EndGlobal
